
Microsoft Visual Studio Solution File, Format Version 12.00
# Visual Studio Version 16
VisualStudioVersion = 16.0.30611.23
MinimumVisualStudioVersion = 10.0.40219.1
Project("{FAE04EC0-301F-11D3-BF4B-00C04F79EFBC}") = "CookieExample", "CookieExample\CookieExample.csproj", "{D6E6088E-BE59-4DA4-AB91-373FEFF06DDA}"
EndProject
Global
	GlobalSection(SolutionConfigurationPlatforms) = preSolution
		Debug|Any CPU = Debug|Any CPU
		Release|Any CPU = Release|Any CPU
	EndGlobalSection
	GlobalSection(ProjectConfigurationPlatforms) = postSolution
		{D6E6088E-BE59-4DA4-AB91-373FEFF06DDA}.Debug|Any CPU.ActiveCfg = Debug|Any CPU
		{D6E6088E-BE59-4DA4-AB91-373FEFF06DDA}.Debug|Any CPU.Build.0 = Debug|Any CPU
		{D6E6088E-BE59-4DA4-AB91-373FEFF06DDA}.Release|Any CPU.ActiveCfg = Release|Any CPU
		{D6E6088E-BE59-4DA4-AB91-373FEFF06DDA}.Release|Any CPU.Build.0 = Release|Any CPU
	EndGlobalSection
	GlobalSection(SolutionProperties) = preSolution
		HideSolutionNode = FALSE
	EndGlobalSection
	GlobalSection(ExtensibilityGlobals) = postSolution
		SolutionGuid = {A342400B-46AF-410A-8856-54B62B59AB2F}
	EndGlobalSection
EndGlobal
